Microsoft Visual Studio Solution File, Format Version 12.00
# Visual Studio 2012
Project("{FAE04EC0-301F-11D3-BF4B-00C04F79EFBC}") = "Economics", "Economics.csproj", "{14975382-83A5-4E26-B478-60FE17F6138E}"
EndProject
Global
	GlobalSection(SolutionConfigurationPlatforms) = preSolution
	Debug|Any CPU = Debug|Any CPU
	ExportDebug|Any CPU = ExportDebug|Any CPU
	ExportRelease|Any CPU = ExportRelease|Any CPU
	EndGlobalSection
	GlobalSection(ProjectConfigurationPlatforms) = postSolution
		{14975382-83A5-4E26-B478-60FE17F6138E}.Debug|Any CPU.ActiveCfg = Debug|Any CPU
		{14975382-83A5-4E26-B478-60FE17F6138E}.Debug|Any CPU.Build.0 = Debug|Any CPU
		{14975382-83A5-4E26-B478-60FE17F6138E}.ExportDebug|Any CPU.ActiveCfg = ExportDebug|Any CPU
		{14975382-83A5-4E26-B478-60FE17F6138E}.ExportDebug|Any CPU.Build.0 = ExportDebug|Any CPU
		{14975382-83A5-4E26-B478-60FE17F6138E}.ExportRelease|Any CPU.ActiveCfg = ExportRelease|Any CPU
		{14975382-83A5-4E26-B478-60FE17F6138E}.ExportRelease|Any CPU.Build.0 = ExportRelease|Any CPU
	EndGlobalSection
EndGlobal
